
Microsoft Visual Studio Solution File, Format Version 11.00
# Visual Studio 2010
Project("{FAE04EC0-301F-11D3-BF4B-00C04F79EFBC}") = "Assembly-CSharp", "Assembly-CSharp.csproj", "{bde37e5e-4356-189f-f5da-bff3eef02b95}"
EndProject
Project("{FAE04EC0-301F-11D3-BF4B-00C04F79EFBC}") = "Assembly-CSharp", "Assembly-CSharp.Player.csproj", "{32819667-aefa-1f73-10e1-dfb4129b03c3}"
EndProject
Global
	GlobalSection(SolutionConfigurationPlatforms) = preSolution
		Debug|Any CPU = Debug|Any CPU
	EndGlobalSection
	GlobalSection(ProjectConfigurationPlatforms) = postSolution
		{bde37e5e-4356-189f-f5da-bff3eef02b95}.Debug|Any CPU.ActiveCfg = Debug|Any CPU
		{bde37e5e-4356-189f-f5da-bff3eef02b95}.Debug|Any CPU.Build.0 = Debug|Any CPU
		{32819667-aefa-1f73-10e1-dfb4129b03c3}.Debug|Any CPU.ActiveCfg = Debug|Any CPU
		{32819667-aefa-1f73-10e1-dfb4129b03c3}.Debug|Any CPU.Build.0 = Debug|Any CPU
	EndGlobalSection
	GlobalSection(SolutionProperties) = preSolution
		HideSolutionNode = FALSE
	EndGlobalSection
EndGlobal
